
Microsoft Visual Studio Solution File, Format Version 12.00
# Visual Studio Version 17
VisualStudioVersion = 17.7.34031.279
MinimumVisualStudioVersion = 10.0.40219.1
Project("{FAE04EC0-301F-11D3-BF4B-00C04F79EFBC}") = "T1", "T1\T1.csproj", "{8C22C8DE-8570-4ADF-96EA-E6ECB14887B2}"
EndProject
Global
	GlobalSection(SolutionConfigurationPlatforms) = preSolution
		Debug|Any CPU = Debug|Any CPU
		Release|Any CPU = Release|Any CPU
	EndGlobalSection
	GlobalSection(ProjectConfigurationPlatforms) = postSolution
		{8C22C8DE-8570-4ADF-96EA-E6ECB14887B2}.Debug|Any CPU.ActiveCfg = Debug|Any CPU
		{8C22C8DE-8570-4ADF-96EA-E6ECB14887B2}.Debug|Any CPU.Build.0 = Debug|Any CPU
		{8C22C8DE-8570-4ADF-96EA-E6ECB14887B2}.Release|Any CPU.ActiveCfg = Release|Any CPU
		{8C22C8DE-8570-4ADF-96EA-E6ECB14887B2}.Release|Any CPU.Build.0 = Release|Any CPU
	EndGlobalSection
	GlobalSection(SolutionProperties) = preSolution
		HideSolutionNode = FALSE
	EndGlobalSection
	GlobalSection(ExtensibilityGlobals) = postSolution
		SolutionGuid = {C3B47ECC-82E1-4C3D-8239-DD294E609431}
	EndGlobalSection
EndGlobal
